
Microsoft Visual Studio Solution File, Format Version 12.00
# Visual Studio Version 17
VisualStudioVersion = 17.4.33122.133
MinimumVisualStudioVersion = 10.0.40219.1
Project("{9A19103F-16F7-4668-BE54-9A1E7A4F7556}") = "XPOS_API", "XPOS_API\XPOS_API.csproj", "{A3E80B11-4872-4F97-9BBF-D4620B568E1F}"
EndProject
Project("{9A19103F-16F7-4668-BE54-9A1E7A4F7556}") = "XPOS_ViewModels", "XPOS_ViewModels\XPOS_ViewModels.csproj", "{EF682CE0-EE8D-4518-A63B-BB6CAE3560C6}"
EndProject
Project("{9A19103F-16F7-4668-BE54-9A1E7A4F7556}") = "XPOS_FE", "XPOS_FE\XPOS_FE.csproj", "{10230C0B-7113-4734-BB54-B4382CFCAECA}"
EndProject
Project("{E53339B2-1760-4266-BCC7-CA923CBCF16C}") = "docker-compose", "docker-compose.dcproj", "{45A9980D-D92B-421C-92C0-0EBE18D8CBE0}"
EndProject
Global
	GlobalSection(SolutionConfigurationPlatforms) = preSolution
		Debug|Any CPU = Debug|Any CPU
		Release|Any CPU = Release|Any CPU
	EndGlobalSection
	GlobalSection(ProjectConfigurationPlatforms) = postSolution
		{A3E80B11-4872-4F97-9BBF-D4620B568E1F}.Debug|Any CPU.ActiveCfg = Debug|Any CPU
		{A3E80B11-4872-4F97-9BBF-D4620B568E1F}.Debug|Any CPU.Build.0 = Debug|Any CPU
		{A3E80B11-4872-4F97-9BBF-D4620B568E1F}.Release|Any CPU.ActiveCfg = Release|Any CPU
		{A3E80B11-4872-4F97-9BBF-D4620B568E1F}.Release|Any CPU.Build.0 = Release|Any CPU
		{EF682CE0-EE8D-4518-A63B-BB6CAE3560C6}.Debug|Any CPU.ActiveCfg = Debug|Any CPU
		{EF682CE0-EE8D-4518-A63B-BB6CAE3560C6}.Debug|Any CPU.Build.0 = Debug|Any CPU
		{EF682CE0-EE8D-4518-A63B-BB6CAE3560C6}.Release|Any CPU.ActiveCfg = Release|Any CPU
		{EF682CE0-EE8D-4518-A63B-BB6CAE3560C6}.Release|Any CPU.Build.0 = Release|Any CPU
		{10230C0B-7113-4734-BB54-B4382CFCAECA}.Debug|Any CPU.ActiveCfg = Debug|Any CPU
		{10230C0B-7113-4734-BB54-B4382CFCAECA}.Debug|Any CPU.Build.0 = Debug|Any CPU
		{10230C0B-7113-4734-BB54-B4382CFCAECA}.Release|Any CPU.ActiveCfg = Release|Any CPU
		{10230C0B-7113-4734-BB54-B4382CFCAECA}.Release|Any CPU.Build.0 = Release|Any CPU
		{45A9980D-D92B-421C-92C0-0EBE18D8CBE0}.Debug|Any CPU.ActiveCfg = Debug|Any CPU
		{45A9980D-D92B-421C-92C0-0EBE18D8CBE0}.Debug|Any CPU.Build.0 = Debug|Any CPU
		{45A9980D-D92B-421C-92C0-0EBE18D8CBE0}.Release|Any CPU.ActiveCfg = Release|Any CPU
		{45A9980D-D92B-421C-92C0-0EBE18D8CBE0}.Release|Any CPU.Build.0 = Release|Any CPU
	EndGlobalSection
	GlobalSection(SolutionProperties) = preSolution
		HideSolutionNode = FALSE
	EndGlobalSection
	GlobalSection(ExtensibilityGlobals) = postSolution
		SolutionGuid = {88169AEE-9907-4463-B889-93A7A86F28CA}
	EndGlobalSection
EndGlobal
